
Microsoft Visual Studio Solution File, Format Version 12.00
# Visual Studio Version 17
VisualStudioVersion = 17.12.35707.178 d17.12
MinimumVisualStudioVersion = 10.0.40219.1
Project("{FAE04EC0-301F-11D3-BF4B-00C04F79EFBC}") = "API", "API.csproj", "{6A81FB2E-0CDB-47F2-8AE0-50520331173B}"
EndProject
Project("{FAE04EC0-301F-11D3-BF4B-00C04F79EFBC}") = "Application", "..\Application\Application.csproj", "{ECC75582-B90A-423F-96B0-04E17543A62C}"
EndProject
Project("{FAE04EC0-301F-11D3-BF4B-00C04F79EFBC}") = "Core", "..\Core\Core.csproj", "{3BEF73F2-3095-4EA8-8D7B-574B08A5DCC3}"
EndProject
Project("{FAE04EC0-301F-11D3-BF4B-00C04F79EFBC}") = "Domain", "..\Domain\Domain.csproj", "{B5A3402E-57AA-4E83-9592-646D950067DF}"
EndProject
Project("{FAE04EC0-301F-11D3-BF4B-00C04F79EFBC}") = "Infrastructure", "..\Infrastructure\Infrastructure.csproj", "{18459456-63B2-402C-A860-89E62DD913C7}"
EndProject
Global
	GlobalSection(SolutionConfigurationPlatforms) = preSolution
		Debug|Any CPU = Debug|Any CPU
		Release|Any CPU = Release|Any CPU
	EndGlobalSection
	GlobalSection(ProjectConfigurationPlatforms) = postSolution
		{6A81FB2E-0CDB-47F2-8AE0-50520331173B}.Debug|Any CPU.ActiveCfg = Debug|Any CPU
		{6A81FB2E-0CDB-47F2-8AE0-50520331173B}.Debug|Any CPU.Build.0 = Debug|Any CPU
		{6A81FB2E-0CDB-47F2-8AE0-50520331173B}.Release|Any CPU.ActiveCfg = Release|Any CPU
		{6A81FB2E-0CDB-47F2-8AE0-50520331173B}.Release|Any CPU.Build.0 = Release|Any CPU
		{ECC75582-B90A-423F-96B0-04E17543A62C}.Debug|Any CPU.ActiveCfg = Debug|Any CPU
		{ECC75582-B90A-423F-96B0-04E17543A62C}.Debug|Any CPU.Build.0 = Debug|Any CPU
		{ECC75582-B90A-423F-96B0-04E17543A62C}.Release|Any CPU.ActiveCfg = Release|Any CPU
		{ECC75582-B90A-423F-96B0-04E17543A62C}.Release|Any CPU.Build.0 = Release|Any CPU
		{3BEF73F2-3095-4EA8-8D7B-574B08A5DCC3}.Debug|Any CPU.ActiveCfg = Debug|Any CPU
		{3BEF73F2-3095-4EA8-8D7B-574B08A5DCC3}.Debug|Any CPU.Build.0 = Debug|Any CPU
		{3BEF73F2-3095-4EA8-8D7B-574B08A5DCC3}.Release|Any CPU.ActiveCfg = Release|Any CPU
		{3BEF73F2-3095-4EA8-8D7B-574B08A5DCC3}.Release|Any CPU.Build.0 = Release|Any CPU
		{B5A3402E-57AA-4E83-9592-646D950067DF}.Debug|Any CPU.ActiveCfg = Debug|Any CPU
		{B5A3402E-57AA-4E83-9592-646D950067DF}.Debug|Any CPU.Build.0 = Debug|Any CPU
		{B5A3402E-57AA-4E83-9592-646D950067DF}.Release|Any CPU.ActiveCfg = Release|Any CPU
		{B5A3402E-57AA-4E83-9592-646D950067DF}.Release|Any CPU.Build.0 = Release|Any CPU
		{18459456-63B2-402C-A860-89E62DD913C7}.Debug|Any CPU.ActiveCfg = Debug|Any CPU
		{18459456-63B2-402C-A860-89E62DD913C7}.Debug|Any CPU.Build.0 = Debug|Any CPU
		{18459456-63B2-402C-A860-89E62DD913C7}.Release|Any CPU.ActiveCfg = Release|Any CPU
		{18459456-63B2-402C-A860-89E62DD913C7}.Release|Any CPU.Build.0 = Release|Any CPU
	EndGlobalSection
	GlobalSection(SolutionProperties) = preSolution
		HideSolutionNode = FALSE
	EndGlobalSection
EndGlobal
